
Microsoft Visual Studio Solution File, Format Version 12.00
# Visual Studio Version 17
VisualStudioVersion = 17.1.32228.430
MinimumVisualStudioVersion = 10.0.40219.1
Project("{FAE04EC0-301F-11D3-BF4B-00C04F79EFBC}") = "Programming", "Programming.csproj", "{D0A5CCE0-0496-48C0-8F6C-D789BD0B1EC4}"
EndProject
Global
	GlobalSection(SolutionConfigurationPlatforms) = preSolution
		Debug|Any CPU = Debug|Any CPU
		Release|Any CPU = Release|Any CPU
	EndGlobalSection
	GlobalSection(ProjectConfigurationPlatforms) = postSolution
		{D0A5CCE0-0496-48C0-8F6C-D789BD0B1EC4}.Debug|Any CPU.ActiveCfg = Debug|Any CPU
		{D0A5CCE0-0496-48C0-8F6C-D789BD0B1EC4}.Debug|Any CPU.Build.0 = Debug|Any CPU
		{D0A5CCE0-0496-48C0-8F6C-D789BD0B1EC4}.Release|Any CPU.ActiveCfg = Release|Any CPU
		{D0A5CCE0-0496-48C0-8F6C-D789BD0B1EC4}.Release|Any CPU.Build.0 = Release|Any CPU
	EndGlobalSection
	GlobalSection(SolutionProperties) = preSolution
		HideSolutionNode = FALSE
	EndGlobalSection
	GlobalSection(ExtensibilityGlobals) = postSolution
		SolutionGuid = {58185682-6940-4590-85FE-3631E6F6111F}
	EndGlobalSection
EndGlobal
